
Microsoft Visual Studio Solution File, Format Version 12.00
# Visual Studio Version 17
VisualStudioVersion = 17.1.31903.286
MinimumVisualStudioVersion = 10.0.40219.1
Project("{9A19103F-16F7-4668-BE54-9A1E7A4F7556}") = "Project.BillingProcessing.Charge.Api", "Project.BillingProcessing.Charge.Api\Project.BillingProcessing.Charge.Api.csproj", "{9266CC79-69D0-48A5-9216-003CED3C64E9}"
EndProject
Project("{2150E333-8FDC-42A3-9474-1A3956D46DE8}") = "src", "src", "{CEB22378-2061-4D55-B6CC-B802971448E6}"
EndProject
Project("{2150E333-8FDC-42A3-9474-1A3956D46DE8}") = "test", "test", "{3DC662FA-AF94-4F5C-9067-5841F541E14B}"
EndProject
Project("{9A19103F-16F7-4668-BE54-9A1E7A4F7556}") = "Project.BillingProcessing.Charge.Test", "Project.BillingProcessing.Charge.Api.Test\Project.BillingProcessing.Charge.Test.csproj", "{2802DCD4-D1D1-4C49-AD03-605C141A2E00}"
EndProject
Project("{9A19103F-16F7-4668-BE54-9A1E7A4F7556}") = "Project.BillingProcessing.Charge.Domain", "Project.BillingProcessing.Charge.Domain\Project.BillingProcessing.Charge.Domain.csproj", "{1A801F4D-5C89-4B55-9EC3-CFF9DA2079D5}"
EndProject
Project("{9A19103F-16F7-4668-BE54-9A1E7A4F7556}") = "Project.BillingProcessing.Charge.Infra", "Project.BillingProcessing.Charge.Infra\Project.BillingProcessing.Charge.Infra.csproj", "{4A36A3B6-CC47-46C0-8B93-B409E2E35E0E}"
EndProject
Project("{FAE04EC0-301F-11D3-BF4B-00C04F79EFBC}") = "ProjectBillingProcessing.Charge.EventBus", "ProjectBillingProcessing.Charge.EventBus\ProjectBillingProcessing.Charge.EventBus.csproj", "{2642CFC7-A2F5-441A-BC77-F5D104400DEB}"
EndProject
Global
	GlobalSection(SolutionConfigurationPlatforms) = preSolution
		Debug|Any CPU = Debug|Any CPU
		Release|Any CPU = Release|Any CPU
	EndGlobalSection
	GlobalSection(ProjectConfigurationPlatforms) = postSolution
		{9266CC79-69D0-48A5-9216-003CED3C64E9}.Debug|Any CPU.ActiveCfg = Debug|Any CPU
		{9266CC79-69D0-48A5-9216-003CED3C64E9}.Debug|Any CPU.Build.0 = Debug|Any CPU
		{9266CC79-69D0-48A5-9216-003CED3C64E9}.Release|Any CPU.ActiveCfg = Release|Any CPU
		{9266CC79-69D0-48A5-9216-003CED3C64E9}.Release|Any CPU.Build.0 = Release|Any CPU
		{2802DCD4-D1D1-4C49-AD03-605C141A2E00}.Debug|Any CPU.ActiveCfg = Debug|Any CPU
		{2802DCD4-D1D1-4C49-AD03-605C141A2E00}.Debug|Any CPU.Build.0 = Debug|Any CPU
		{2802DCD4-D1D1-4C49-AD03-605C141A2E00}.Release|Any CPU.ActiveCfg = Release|Any CPU
		{2802DCD4-D1D1-4C49-AD03-605C141A2E00}.Release|Any CPU.Build.0 = Release|Any CPU
		{1A801F4D-5C89-4B55-9EC3-CFF9DA2079D5}.Debug|Any CPU.ActiveCfg = Debug|Any CPU
		{1A801F4D-5C89-4B55-9EC3-CFF9DA2079D5}.Debug|Any CPU.Build.0 = Debug|Any CPU
		{1A801F4D-5C89-4B55-9EC3-CFF9DA2079D5}.Release|Any CPU.ActiveCfg = Release|Any CPU
		{1A801F4D-5C89-4B55-9EC3-CFF9DA2079D5}.Release|Any CPU.Build.0 = Release|Any CPU
		{4A36A3B6-CC47-46C0-8B93-B409E2E35E0E}.Debug|Any CPU.ActiveCfg = Debug|Any CPU
		{4A36A3B6-CC47-46C0-8B93-B409E2E35E0E}.Debug|Any CPU.Build.0 = Debug|Any CPU
		{4A36A3B6-CC47-46C0-8B93-B409E2E35E0E}.Release|Any CPU.ActiveCfg = Release|Any CPU
		{4A36A3B6-CC47-46C0-8B93-B409E2E35E0E}.Release|Any CPU.Build.0 = Release|Any CPU
		{2642CFC7-A2F5-441A-BC77-F5D104400DEB}.Debug|Any CPU.ActiveCfg = Debug|Any CPU
		{2642CFC7-A2F5-441A-BC77-F5D104400DEB}.Debug|Any CPU.Build.0 = Debug|Any CPU
		{2642CFC7-A2F5-441A-BC77-F5D104400DEB}.Release|Any CPU.ActiveCfg = Release|Any CPU
		{2642CFC7-A2F5-441A-BC77-F5D104400DEB}.Release|Any CPU.Build.0 = Release|Any CPU
	EndGlobalSection
	GlobalSection(SolutionProperties) = preSolution
		HideSolutionNode = FALSE
	EndGlobalSection
	GlobalSection(NestedProjects) = preSolution
		{9266CC79-69D0-48A5-9216-003CED3C64E9} = {CEB22378-2061-4D55-B6CC-B802971448E6}
		{2802DCD4-D1D1-4C49-AD03-605C141A2E00} = {3DC662FA-AF94-4F5C-9067-5841F541E14B}
		{1A801F4D-5C89-4B55-9EC3-CFF9DA2079D5} = {CEB22378-2061-4D55-B6CC-B802971448E6}
		{4A36A3B6-CC47-46C0-8B93-B409E2E35E0E} = {CEB22378-2061-4D55-B6CC-B802971448E6}
		{2642CFC7-A2F5-441A-BC77-F5D104400DEB} = {CEB22378-2061-4D55-B6CC-B802971448E6}
	EndGlobalSection
	GlobalSection(ExtensibilityGlobals) = postSolution
		SolutionGuid = {18201D51-C237-4D91-B002-4E380AE27343}
	EndGlobalSection
EndGlobal
